
Microsoft Visual Studio Solution File, Format Version 12.00
# Visual Studio 15
Project("{FAE04EC0-301F-11D3-BF4B-00C04F79EFBC}") = "Assembly-CSharp", "Assembly-CSharp.csproj", "{E41C9A74-AA3C-97D9-4853-866C3A156A3E}"
EndProject
Project("{FAE04EC0-301F-11D3-BF4B-00C04F79EFBC}") = "Assembly-CSharp-Editor", "Assembly-CSharp-Editor.csproj", "{FC96C727-52B6-6303-3067-2A5E4990C210}"
EndProject
Global
	GlobalSection(SolutionConfigurationPlatforms) = preSolution
		Debug|Any CPU = Debug|Any CPU
		Release|Any CPU = Release|Any CPU
	EndGlobalSection
	GlobalSection(ProjectConfigurationPlatforms) = postSolution
		{E41C9A74-AA3C-97D9-4853-866C3A156A3E}.Debug|Any CPU.ActiveCfg = Debug|Any CPU
		{E41C9A74-AA3C-97D9-4853-866C3A156A3E}.Debug|Any CPU.Build.0 = Debug|Any CPU
		{E41C9A74-AA3C-97D9-4853-866C3A156A3E}.Release|Any CPU.ActiveCfg = Release|Any CPU
		{E41C9A74-AA3C-97D9-4853-866C3A156A3E}.Release|Any CPU.Build.0 = Release|Any CPU
		{FC96C727-52B6-6303-3067-2A5E4990C210}.Debug|Any CPU.ActiveCfg = Debug|Any CPU
		{FC96C727-52B6-6303-3067-2A5E4990C210}.Debug|Any CPU.Build.0 = Debug|Any CPU
		{FC96C727-52B6-6303-3067-2A5E4990C210}.Release|Any CPU.ActiveCfg = Release|Any CPU
		{FC96C727-52B6-6303-3067-2A5E4990C210}.Release|Any CPU.Build.0 = Release|Any CPU
	EndGlobalSection
	GlobalSection(SolutionProperties) = preSolution
		HideSolutionNode = FALSE
	EndGlobalSection
EndGlobal
